
Microsoft Visual Studio Solution File, Format Version 12.00
# Visual Studio Version 17
VisualStudioVersion = 17.10.35122.118
MinimumVisualStudioVersion = 10.0.40219.1
Project("{FAE04EC0-301F-11D3-BF4B-00C04F79EFBC}") = "Aplicativo Web Usando ASP.Net", "Aplicativo Web Usando ASP.Net\Aplicativo Web Usando ASP.Net.csproj", "{1E152BB4-9A9D-4A55-B89B-48D36048418A}"
EndProject
Global
	GlobalSection(SolutionConfigurationPlatforms) = preSolution
		Debug|Any CPU = Debug|Any CPU
		Release|Any CPU = Release|Any CPU
	EndGlobalSection
	GlobalSection(ProjectConfigurationPlatforms) = postSolution
		{1E152BB4-9A9D-4A55-B89B-48D36048418A}.Debug|Any CPU.ActiveCfg = Debug|Any CPU
		{1E152BB4-9A9D-4A55-B89B-48D36048418A}.Debug|Any CPU.Build.0 = Debug|Any CPU
		{1E152BB4-9A9D-4A55-B89B-48D36048418A}.Release|Any CPU.ActiveCfg = Release|Any CPU
		{1E152BB4-9A9D-4A55-B89B-48D36048418A}.Release|Any CPU.Build.0 = Release|Any CPU
	EndGlobalSection
	GlobalSection(SolutionProperties) = preSolution
		HideSolutionNode = FALSE
	EndGlobalSection
	GlobalSection(ExtensibilityGlobals) = postSolution
		SolutionGuid = {08B2E7F2-FE06-4554-90D4-C1298DE68B04}
	EndGlobalSection
EndGlobal
